
Microsoft Visual Studio Solution File, Format Version 12.00
# Visual Studio 15
VisualStudioVersion = 15.0.27004.2009
MinimumVisualStudioVersion = 10.0.40219.1
Project("{FAE04EC0-301F-11D3-BF4B-00C04F79EFBC}") = "DockerDebug", "DockerDebug\DockerDebug.csproj", "{BAEF0FEC-44D5-41B5-AC93-17FC820D90F0}"
EndProject
Global
	GlobalSection(SolutionConfigurationPlatforms) = preSolution
		Debug|Any CPU = Debug|Any CPU
		Release|Any CPU = Release|Any CPU
	EndGlobalSection
	GlobalSection(ProjectConfigurationPlatforms) = postSolution
		{BAEF0FEC-44D5-41B5-AC93-17FC820D90F0}.Debug|Any CPU.ActiveCfg = Debug|Any CPU
		{BAEF0FEC-44D5-41B5-AC93-17FC820D90F0}.Debug|Any CPU.Build.0 = Debug|Any CPU
		{BAEF0FEC-44D5-41B5-AC93-17FC820D90F0}.Release|Any CPU.ActiveCfg = Release|Any CPU
		{BAEF0FEC-44D5-41B5-AC93-17FC820D90F0}.Release|Any CPU.Build.0 = Release|Any CPU
	EndGlobalSection
	GlobalSection(SolutionProperties) = preSolution
		HideSolutionNode = FALSE
	EndGlobalSection
	GlobalSection(ExtensibilityGlobals) = postSolution
		SolutionGuid = {000F5EDD-6D8E-4459-9381-D0930AA134B8}
	EndGlobalSection
EndGlobal
